hash: e3b0c44298fc1c149afbf4c8996fb92427ae41e4649b934ca495991b7852b855
updated: 2016-01-17T18:04:18.967836377-08:00
imports:
- name: code.google.com/p/goauth2
  version: 222e66a2882e
- name: code.google.com/p/google-api-go-client
  version: 6ddfebb10ece
- name: github.com/kelseyhightower/envconfig
  version: 12c18e8343f6eb5fc3a9d5c8dc353e42e6bb40b9
- name: golang.org/x/net
  version: c92cdcb05f66ce5b61460e23498d2dc5fcf69aaf
  subpackages:
  - context
- name: golang.org/x/oauth2
  version: 2baa8a1b9338cf13d9eeb27696d761155fa480be
  subpackages:
  - google
- name: google.golang.org/api
  version: b2be3c69519a81292faa7016d3c87f8b68c6f0d9
  subpackages:
  - /storage/v1
devImports: []
